schema: '2.0'
stages:
  load-vocab:
    cmd: annif load-vocab --force gnd shared-task-datasets/GND/GND-Subjects-all_dnb-skos-with-en-labels.ttl
    deps:
    - path: shared-task-datasets/GND/GND-Subjects-all_dnb-skos-with-en-labels.ttl
      hash: md5
      md5: 438274312f246404e9c3dad306a0a71b
      size: 39110565
    outs:
    - path: data/vocabs/gnd
      hash: md5
      md5: 74840c5a8b3ebbea5275bcab361d0f3f.dir
      size: 85564807
      nfiles: 3
  train@en:
    cmd: annif train gnd-bonsai-en shared-task-datasets/TIBKAT/tib-core-subjects/data/train/*/*.tsv
    deps:
    - path: data/vocabs/gnd
      hash: md5
      md5: 2fd54d3c1c15c7aee0a77c0977f17440.dir
      size: 25604902
      nfiles: 3
    - path: shared-task-datasets/TIBKAT/tib-core-subjects/data/train/
      hash: md5
      md5: c45db6759bb295ff0642532a1307975a.dir
      size: 59568883
      nfiles: 6
    params:
      projects.toml:
        gnd-bonsai-en:
          name: GND Omikuji Bonsai English
          language: en
          backend: omikuji
          analyzer: simple
          vocab: gnd
          cluster_balanced: 'False'
          cluster_k: '100'
          max_depth: '3'
          min_df: '5'
          ngram: '2'
    outs:
    - path: data/projects/gnd-bonsai-en
      hash: md5
      md5: 2051ded159e9ebf321f5ad6e08cf9058.dir
      size: 301680951
      nfiles: 6
  eval-en@bonsai-en:
    cmd:
    - annif eval gnd-bonsai-en -j 32 -m F1@5 -m NDCG --metrics-file reports/bonsai-en-article.json
      shared-task-datasets/TIBKAT/all-subjects/data/dev/Article/all.tsv
    - annif eval gnd-bonsai-en -j 32 -m F1@5 -m NDCG --metrics-file reports/bonsai-en-book.json
      shared-task-datasets/TIBKAT/all-subjects/data/dev/Book/all.tsv
    - annif eval gnd-bonsai-en -j 32 -m F1@5 -m NDCG --metrics-file reports/bonsai-en-conference.json
      shared-task-datasets/TIBKAT/all-subjects/data/dev/Conference/all.tsv
    - annif eval gnd-bonsai-en -j 32 -m F1@5 -m NDCG --metrics-file reports/bonsai-en-report.json
      shared-task-datasets/TIBKAT/all-subjects/data/dev/Report/all.tsv
    - annif eval gnd-bonsai-en -j 32 -m F1@5 -m NDCG --metrics-file reports/bonsai-en-thesis.json
      shared-task-datasets/TIBKAT/all-subjects/data/dev/Thesis/all.tsv
    deps:
    - path: data/projects/gnd-bonsai-en
      hash: md5
      md5: bc5af7dba10a96bf4957013911726598.dir
      size: 698650536
      nfiles: 6
    - path: shared-task-datasets/TIBKAT/all-subjects/data/dev/Article/all.tsv
      hash: md5
      md5: f17f184117e43033d360241bcac8c700
      size: 208989
    - path: shared-task-datasets/TIBKAT/all-subjects/data/dev/Book/all.tsv
      hash: md5
      md5: 96ab3968bc747c33546ac5d9ea1530e6
      size: 13357145
    - path: shared-task-datasets/TIBKAT/all-subjects/data/dev/Conference/all.tsv
      hash: md5
      md5: e16befa278d20d71a551839ead77eedf
      size: 1340370
    - path: shared-task-datasets/TIBKAT/all-subjects/data/dev/Report/all.tsv
      hash: md5
      md5: 6f3905323a2529713bb42b834b5cae1c
      size: 465717
    - path: shared-task-datasets/TIBKAT/all-subjects/data/dev/Thesis/all.tsv
      hash: md5
      md5: 717be90085bd10ac7714adfdb6600ff5
      size: 3237376
    params:
      projects.toml:
        gnd-bonsai-en:
          name: GND Omikuji Bonsai English
          language: en
          backend: omikuji
          analyzer: simple
          vocab: gnd
          cluster_balanced: 'False'
          cluster_k: '100'
          max_depth: '3'
          min_df: '5'
          ngram: '2'
    outs:
    - path: reports/bonsai-en-article.json
      hash: md5
      md5: 17917afb611042b51acc915c1a67b920
      size: 93
    - path: reports/bonsai-en-book.json
      hash: md5
      md5: 41e15c9df275c0bc1cc29445d801d59c
      size: 95
    - path: reports/bonsai-en-conference.json
      hash: md5
      md5: 4016f2f3da48dff83be89250ad71988c
      size: 93
    - path: reports/bonsai-en-report.json
      hash: md5
      md5: 21a2dbfae67499d1f0fe21854f4378f0
      size: 93
    - path: reports/bonsai-en-thesis.json
      hash: md5
      md5: 4b51b617f263a8647148631bf93afccc
      size: 95
  train-mllm@de:
    cmd: annif train gnd-mllm-de shared-task-datasets/TIBKAT/all-subjects/data/train/*/*.tsv
    deps:
    - path: data/vocabs/gnd
      hash: md5
      md5: 74840c5a8b3ebbea5275bcab361d0f3f.dir
      size: 85564807
      nfiles: 3
    - path: shared-task-datasets/TIBKAT/all-subjects/data/train/
      hash: md5
      md5: 8a0a9f917a654c666761b94f8165c666.dir
      size: 111982733
      nfiles: 8
    params:
      projects.toml:
        gnd-mllm-de:
          name: GND MLLM German
          language: de
          backend: mllm
          analyzer: simple
          vocab: gnd
    outs:
    - path: data/projects/gnd-mllm-de
      hash: md5
      md5: c1bce7212130dd30c10d558b4ddbf7ee.dir
      size: 50478905
      nfiles: 2
  train-omikuji-bonsai@en:
    cmd: annif train gnd-bonsai-en shared-task-datasets/TIBKAT/all-subjects/data/train/*/*.tsv
    deps:
    - path: data/vocabs/gnd
      hash: md5
      md5: 74840c5a8b3ebbea5275bcab361d0f3f.dir
      size: 85564807
      nfiles: 3
    - path: shared-task-datasets/TIBKAT/all-subjects/data/train/
      hash: md5
      md5: 8a0a9f917a654c666761b94f8165c666.dir
      size: 111982733
      nfiles: 8
    params:
      projects.toml:
        gnd-bonsai-en:
          name: GND Omikuji Bonsai English
          language: en
          backend: omikuji
          analyzer: simple
          vocab: gnd
          cluster_balanced: 'False'
          cluster_k: '100'
          max_depth: '3'
          min_df: '5'
          ngram: '2'
    outs:
    - path: data/projects/gnd-bonsai-en
      hash: md5
      md5: bc5af7dba10a96bf4957013911726598.dir
      size: 698650536
      nfiles: 6
  eval-de@mllm-de:
    cmd:
    - annif eval gnd-mllm-de -j 32 -m F1@5 -m NDCG --metrics-file reports/mllm-de-article.json
      shared-task-datasets/TIBKAT/all-subjects/data/dev/Article/all.tsv
    - annif eval gnd-mllm-de -j 32 -m F1@5 -m NDCG --metrics-file reports/mllm-de-book.json
      shared-task-datasets/TIBKAT/all-subjects/data/dev/Book/all.tsv
    - annif eval gnd-mllm-de -j 32 -m F1@5 -m NDCG --metrics-file reports/mllm-de-conference.json
      shared-task-datasets/TIBKAT/all-subjects/data/dev/Conference/all.tsv
    - annif eval gnd-mllm-de -j 32 -m F1@5 -m NDCG --metrics-file reports/mllm-de-report.json
      shared-task-datasets/TIBKAT/all-subjects/data/dev/Report/all.tsv
    - annif eval gnd-mllm-de -j 32 -m F1@5 -m NDCG --metrics-file reports/mllm-de-thesis.json
      shared-task-datasets/TIBKAT/all-subjects/data/dev/Thesis/all.tsv
    deps:
    - path: data/projects/gnd-mllm-de
      hash: md5
      md5: c1bce7212130dd30c10d558b4ddbf7ee.dir
      size: 50478905
      nfiles: 2
    - path: shared-task-datasets/TIBKAT/all-subjects/data/dev/Article/all.tsv
      hash: md5
      md5: f17f184117e43033d360241bcac8c700
      size: 208989
    - path: shared-task-datasets/TIBKAT/all-subjects/data/dev/Book/all.tsv
      hash: md5
      md5: 96ab3968bc747c33546ac5d9ea1530e6
      size: 13357145
    - path: shared-task-datasets/TIBKAT/all-subjects/data/dev/Conference/all.tsv
      hash: md5
      md5: e16befa278d20d71a551839ead77eedf
      size: 1340370
    - path: shared-task-datasets/TIBKAT/all-subjects/data/dev/Report/all.tsv
      hash: md5
      md5: 6f3905323a2529713bb42b834b5cae1c
      size: 465717
    - path: shared-task-datasets/TIBKAT/all-subjects/data/dev/Thesis/all.tsv
      hash: md5
      md5: 717be90085bd10ac7714adfdb6600ff5
      size: 3237376
    params:
      projects.toml:
        gnd-mllm-de:
          name: GND MLLM German
          language: de
          backend: mllm
          analyzer: simple
          vocab: gnd
    outs:
    - path: reports/mllm-de-article.json
      hash: md5
      md5: f9047f17c644270f2391d6f10556e506
      size: 93
    - path: reports/mllm-de-book.json
      hash: md5
      md5: 0e33a7635430ee3e644605c96e6abd02
      size: 94
    - path: reports/mllm-de-conference.json
      hash: md5
      md5: 820ec526952efdee4a99ab22a48bd005
      size: 94
    - path: reports/mllm-de-report.json
      hash: md5
      md5: f6ddaa31ae9402013ea6420fbd81cc48
      size: 93
    - path: reports/mllm-de-thesis.json
      hash: md5
      md5: 1a88858870a79d4e184e2a2ce80cfe1d
      size: 94
  train-mllm@en:
    cmd: annif train gnd-mllm-en shared-task-datasets/TIBKAT/all-subjects/data/train/*/*.tsv
    deps:
    - path: data/vocabs/gnd
      hash: md5
      md5: 74840c5a8b3ebbea5275bcab361d0f3f.dir
      size: 85564807
      nfiles: 3
    - path: shared-task-datasets/TIBKAT/all-subjects/data/train/
      hash: md5
      md5: 8a0a9f917a654c666761b94f8165c666.dir
      size: 111982733
      nfiles: 8
    params:
      projects.toml:
        gnd-mllm-en:
          name: GND MLLM English
          language: en
          backend: mllm
          analyzer: simple
          vocab: gnd
    outs:
    - path: data/projects/gnd-mllm-en
      hash: md5
      md5: 16db725b69ee9d70ba1d3e5863939dd0.dir
      size: 48199833
      nfiles: 2
  train-omikuji-bonsai@de:
    cmd: annif train gnd-bonsai-de shared-task-datasets/TIBKAT/all-subjects/data/train/*/*.tsv
    deps:
    - path: data/vocabs/gnd
      hash: md5
      md5: 74840c5a8b3ebbea5275bcab361d0f3f.dir
      size: 85564807
      nfiles: 3
    - path: shared-task-datasets/TIBKAT/all-subjects/data/train/
      hash: md5
      md5: 8a0a9f917a654c666761b94f8165c666.dir
      size: 111982733
      nfiles: 8
    params:
      projects.toml:
        gnd-bonsai-de:
          name: GND Omikuji Bonsai German
          language: de
          backend: omikuji
          analyzer: simple
          vocab: gnd
          cluster_balanced: 'False'
          cluster_k: '100'
          max_depth: '3'
          min_df: '5'
          ngram: '2'
    outs:
    - path: data/projects/gnd-bonsai-de
      hash: md5
      md5: d43ee4c9f8dc80d6959bae998008ab00.dir
      size: 698909187
      nfiles: 6
  eval-en@mllm-en:
    cmd:
    - annif eval gnd-mllm-en -j 32 -m F1@5 -m NDCG --metrics-file reports/mllm-en-article.json
      shared-task-datasets/TIBKAT/all-subjects/data/dev/Article/all.tsv
    - annif eval gnd-mllm-en -j 32 -m F1@5 -m NDCG --metrics-file reports/mllm-en-book.json
      shared-task-datasets/TIBKAT/all-subjects/data/dev/Book/all.tsv
    - annif eval gnd-mllm-en -j 32 -m F1@5 -m NDCG --metrics-file reports/mllm-en-conference.json
      shared-task-datasets/TIBKAT/all-subjects/data/dev/Conference/all.tsv
    - annif eval gnd-mllm-en -j 32 -m F1@5 -m NDCG --metrics-file reports/mllm-en-report.json
      shared-task-datasets/TIBKAT/all-subjects/data/dev/Report/all.tsv
    - annif eval gnd-mllm-en -j 32 -m F1@5 -m NDCG --metrics-file reports/mllm-en-thesis.json
      shared-task-datasets/TIBKAT/all-subjects/data/dev/Thesis/all.tsv
    deps:
    - path: data/projects/gnd-mllm-en
      hash: md5
      md5: 16db725b69ee9d70ba1d3e5863939dd0.dir
      size: 48199833
      nfiles: 2
    - path: shared-task-datasets/TIBKAT/all-subjects/data/dev/Article/all.tsv
      hash: md5
      md5: f17f184117e43033d360241bcac8c700
      size: 208989
    - path: shared-task-datasets/TIBKAT/all-subjects/data/dev/Book/all.tsv
      hash: md5
      md5: 96ab3968bc747c33546ac5d9ea1530e6
      size: 13357145
    - path: shared-task-datasets/TIBKAT/all-subjects/data/dev/Conference/all.tsv
      hash: md5
      md5: e16befa278d20d71a551839ead77eedf
      size: 1340370
    - path: shared-task-datasets/TIBKAT/all-subjects/data/dev/Report/all.tsv
      hash: md5
      md5: 6f3905323a2529713bb42b834b5cae1c
      size: 465717
    - path: shared-task-datasets/TIBKAT/all-subjects/data/dev/Thesis/all.tsv
      hash: md5
      md5: 717be90085bd10ac7714adfdb6600ff5
      size: 3237376
    params:
      projects.toml:
        gnd-mllm-en:
          name: GND MLLM English
          language: en
          backend: mllm
          analyzer: simple
          vocab: gnd
    outs:
    - path: reports/mllm-en-article.json
      hash: md5
      md5: cefa47d7ea19033fff58ee1ccc0bd72f
      size: 94
    - path: reports/mllm-en-book.json
      hash: md5
      md5: 4616510d94f960bcc16e3fed8af4482c
      size: 96
    - path: reports/mllm-en-conference.json
      hash: md5
      md5: dbd4d5bdcfca729b3e1915409fdab015
      size: 94
    - path: reports/mllm-en-report.json
      hash: md5
      md5: e5fe0777739b98e50bc86f0305d25f0d
      size: 92
    - path: reports/mllm-en-thesis.json
      hash: md5
      md5: f65ee0fb8ae206bc998414eff8eef234
      size: 94
  eval-de@bonsai-de:
    cmd:
    - annif eval gnd-bonsai-de -j 32 -m F1@5 -m NDCG --metrics-file reports/bonsai-de-article.json
      shared-task-datasets/TIBKAT/all-subjects/data/dev/Article/all.tsv
    - annif eval gnd-bonsai-de -j 32 -m F1@5 -m NDCG --metrics-file reports/bonsai-de-book.json
      shared-task-datasets/TIBKAT/all-subjects/data/dev/Book/all.tsv
    - annif eval gnd-bonsai-de -j 32 -m F1@5 -m NDCG --metrics-file reports/bonsai-de-conference.json
      shared-task-datasets/TIBKAT/all-subjects/data/dev/Conference/all.tsv
    - annif eval gnd-bonsai-de -j 32 -m F1@5 -m NDCG --metrics-file reports/bonsai-de-report.json
      shared-task-datasets/TIBKAT/all-subjects/data/dev/Report/all.tsv
    - annif eval gnd-bonsai-de -j 32 -m F1@5 -m NDCG --metrics-file reports/bonsai-de-thesis.json
      shared-task-datasets/TIBKAT/all-subjects/data/dev/Thesis/all.tsv
    deps:
    - path: data/projects/gnd-bonsai-de
      hash: md5
      md5: d43ee4c9f8dc80d6959bae998008ab00.dir
      size: 698909187
      nfiles: 6
    - path: shared-task-datasets/TIBKAT/all-subjects/data/dev/Article/all.tsv
      hash: md5
      md5: f17f184117e43033d360241bcac8c700
      size: 208989
    - path: shared-task-datasets/TIBKAT/all-subjects/data/dev/Book/all.tsv
      hash: md5
      md5: 96ab3968bc747c33546ac5d9ea1530e6
      size: 13357145
    - path: shared-task-datasets/TIBKAT/all-subjects/data/dev/Conference/all.tsv
      hash: md5
      md5: e16befa278d20d71a551839ead77eedf
      size: 1340370
    - path: shared-task-datasets/TIBKAT/all-subjects/data/dev/Report/all.tsv
      hash: md5
      md5: 6f3905323a2529713bb42b834b5cae1c
      size: 465717
    - path: shared-task-datasets/TIBKAT/all-subjects/data/dev/Thesis/all.tsv
      hash: md5
      md5: 717be90085bd10ac7714adfdb6600ff5
      size: 3237376
    params:
      projects.toml:
        gnd-bonsai-de:
          name: GND Omikuji Bonsai German
          language: de
          backend: omikuji
          analyzer: simple
          vocab: gnd
          cluster_balanced: 'False'
          cluster_k: '100'
          max_depth: '3'
          min_df: '5'
          ngram: '2'
    outs:
    - path: reports/bonsai-de-article.json
      hash: md5
      md5: e69dcb85c21b1174fb72b5db43eba26c
      size: 91
    - path: reports/bonsai-de-book.json
      hash: md5
      md5: c98d750fb5d43bfa1bd232fe8b94a5e5
      size: 95
    - path: reports/bonsai-de-conference.json
      hash: md5
      md5: d6223315370a9e4871565e576bc55a85
      size: 92
    - path: reports/bonsai-de-report.json
      hash: md5
      md5: c5c23d45450b065005da5468e77182b9
      size: 93
    - path: reports/bonsai-de-thesis.json
      hash: md5
      md5: 90dccffed287ae591dc21e8cec363ce3
      size: 94
  load-vocab@tib-core:
    cmd: annif load-vocab --force gnd-tib-core shared-task-datasets/GND/GND-Subjects-tib-core_dnb-skos-with-en-labels.ttl
    deps:
    - path: shared-task-datasets/GND/GND-Subjects-tib-core_dnb-skos-with-en-labels.ttl
      hash: md5
      md5: ab125287d4a28d1cdb997bd3bfe5aee2
      size: 14544383
    outs:
    - path: data/vocabs/gnd-tib-core
      hash: md5
      md5: fef8f3d19acc1ebefdf2bbfd45548ea6.dir
      size: 31871226
      nfiles: 3
  train@tib-core-bonsai-de:
    cmd: annif train gnd-tib-core-bonsai-de shared-task-datasets/TIBKAT/tib-core-subjects/data/train/*/de.tsv
    deps:
    - path: data/vocabs/gnd-tib-core
      hash: md5
      md5: fef8f3d19acc1ebefdf2bbfd45548ea6.dir
      size: 31871226
      nfiles: 3
    - path: shared-task-datasets/TIBKAT/tib-core-subjects/data/train/
      hash: md5
      md5: c5d15639a7862da4479cb426cbe3355a.dir
      size: 168633081
      nfiles: 18
    params:
      projects.toml:
        gnd-tib-core-bonsai-de:
          name: GND-tib-core Omikuji Bonsai German
          language: de
          backend: omikuji
          analyzer: snowball(german)
          vocab: gnd-tib-core
          cluster_balanced: 'False'
          cluster_k: '100'
          max_depth: '3'
          min_df: '2'
          ngram: '2'
    outs:
    - path: data/projects/gnd-tib-core-bonsai-de
      hash: md5
      md5: b7c7c0df524d4fbf6fa43d17116fd51a.dir
      size: 98096177
      nfiles: 6
  load-vocab@all:
    cmd: annif load-vocab --force gnd-all shared-task-datasets/GND/GND-Subjects-all_dnb-skos-with-en-labels.ttl
    deps:
    - path: shared-task-datasets/GND/GND-Subjects-all_dnb-skos-with-en-labels.ttl
      hash: md5
      md5: 438274312f246404e9c3dad306a0a71b
      size: 39110565
    outs:
    - path: data/vocabs/gnd-all
      hash: md5
      md5: c7ff2469d4a3a37ab7d77b98ea28d3f7.dir
      size: 85563552
      nfiles: 3
  train@tib-core-mllm-en:
    cmd: annif train gnd-tib-core-mllm-en shared-task-datasets/TIBKAT/tib-core-subjects/data/train/*/en.tsv
    deps:
    - path: data/vocabs/gnd-tib-core
      hash: md5
      md5: fef8f3d19acc1ebefdf2bbfd45548ea6.dir
      size: 31871226
      nfiles: 3
    - path: shared-task-datasets/TIBKAT/tib-core-subjects/data/train/
      hash: md5
      md5: c5d15639a7862da4479cb426cbe3355a.dir
      size: 168633081
      nfiles: 18
    params:
      projects.toml:
        gnd-tib-core-mllm-en:
          name: GND-tib-core MLLM English
          language: en
          backend: mllm
          analyzer: snowball(english)
          vocab: gnd-tib-core
    outs:
    - path: data/projects/gnd-tib-core-mllm-en
      hash: md5
      md5: 4b748bd41a3a0c3d77f8b3cc08d4cc0d.dir
      size: 12946071
      nfiles: 2
  eval@tib-core-mllm-en:
    cmd:
    - annif eval gnd-tib-core-mllm-en -j 32 -m F1@5 -m NDCG --metrics-file reports/tib-core-mllm-en.json
      shared-task-datasets/TIBKAT/tib-core-subjects/data/dev/en.tsv.gz
    deps:
    - path: data/projects/gnd-tib-core-mllm-en
      hash: md5
      md5: 4b748bd41a3a0c3d77f8b3cc08d4cc0d.dir
      size: 12946071
      nfiles: 2
    - path: shared-task-datasets/TIBKAT/tib-core-subjects/data/dev/en.tsv.gz
      hash: md5
      md5: 708c23f77d00657e1607b0af74f204aa
      size: 3175639
    params:
      projects.toml:
        gnd-tib-core-mllm-en:
          name: GND-tib-core MLLM English
          language: en
          backend: mllm
          analyzer: snowball(english)
          vocab: gnd-tib-core
    outs:
    - path: reports/tib-core-mllm-en.json
      hash: md5
      md5: 418d0d4313c602e754e501507dca0921
      size: 94
  train@all-bonsai-de:
    cmd: annif train gnd-all-bonsai-de shared-task-datasets/TIBKAT/all-subjects/data/train/*/de.tsv
    deps:
    - path: data/vocabs/gnd-all
      hash: md5
      md5: c7ff2469d4a3a37ab7d77b98ea28d3f7.dir
      size: 85563552
      nfiles: 3
    - path: shared-task-datasets/TIBKAT/all-subjects/data/train/
      hash: md5
      md5: 54a9c6ac2227175a5793262fcf40bdd8.dir
      size: 316172833
      nfiles: 24
    params:
      projects.toml:
        gnd-all-bonsai-de:
          name: GND-all Omikuji Bonsai German
          language: de
          backend: omikuji
          analyzer: snowball(german)
          vocab: gnd-all
          cluster_balanced: 'False'
          cluster_k: '100'
          max_depth: '3'
          min_df: '2'
          ngram: '2'
    outs:
    - path: data/projects/gnd-all-bonsai-de
      hash: md5
      md5: c3bedbb59d7bbc06c8cc9a4367c0408c.dir
      size: 223719126
      nfiles: 6
  train@tib-core-mllm-de:
    cmd: annif train gnd-tib-core-mllm-de shared-task-datasets/TIBKAT/tib-core-subjects/data/train/*/de.tsv
    deps:
    - path: data/vocabs/gnd-tib-core
      hash: md5
      md5: fef8f3d19acc1ebefdf2bbfd45548ea6.dir
      size: 31871226
      nfiles: 3
    - path: shared-task-datasets/TIBKAT/tib-core-subjects/data/train/
      hash: md5
      md5: c5d15639a7862da4479cb426cbe3355a.dir
      size: 168633081
      nfiles: 18
    params:
      projects.toml:
        gnd-tib-core-mllm-de:
          name: GND-tib-core MLLM German
          language: de
          backend: mllm
          analyzer: snowball(german)
          vocab: gnd-tib-core
    outs:
    - path: data/projects/gnd-tib-core-mllm-de
      hash: md5
      md5: 29a88c3053e4dd6199a18d4e230bdffa.dir
      size: 8816914
      nfiles: 2
  eval@tib-core-mllm-de:
    cmd:
    - annif eval gnd-tib-core-mllm-de -j 32 -m F1@5 -m NDCG --metrics-file reports/tib-core-mllm-de.json
      shared-task-datasets/TIBKAT/tib-core-subjects/data/dev/de.tsv.gz
    deps:
    - path: data/projects/gnd-tib-core-mllm-de
      hash: md5
      md5: 29a88c3053e4dd6199a18d4e230bdffa.dir
      size: 8816914
      nfiles: 2
    - path: shared-task-datasets/TIBKAT/tib-core-subjects/data/dev/de.tsv.gz
      hash: md5
      md5: 13bb3e235bf06cc40152b2d74a6cab52
      size: 3494814
    params:
      projects.toml:
        gnd-tib-core-mllm-de:
          name: GND-tib-core MLLM German
          language: de
          backend: mllm
          analyzer: snowball(german)
          vocab: gnd-tib-core
    outs:
    - path: reports/tib-core-mllm-de.json
      hash: md5
      md5: b487608e987bf1a54064e8e824430a2d
      size: 92
  train@all-mllm-de:
    cmd: annif train gnd-all-mllm-de shared-task-datasets/TIBKAT/all-subjects/data/train/*/de.tsv
    deps:
    - path: data/vocabs/gnd-all
      hash: md5
      md5: c7ff2469d4a3a37ab7d77b98ea28d3f7.dir
      size: 85563552
      nfiles: 3
    - path: shared-task-datasets/TIBKAT/all-subjects/data/train/
      hash: md5
      md5: 54a9c6ac2227175a5793262fcf40bdd8.dir
      size: 316172833
      nfiles: 24
    params:
      projects.toml:
        gnd-all-mllm-de:
          name: GND-all MLLM German
          language: de
          backend: mllm
          analyzer: snowball(german)
          vocab: gnd-all
    outs:
    - path: data/projects/gnd-all-mllm-de
      hash: md5
      md5: a776b238d95a07a55fb809a5a5946de1.dir
      size: 31511432
      nfiles: 2
  train@tib-core-bonsai-en:
    cmd: annif train gnd-tib-core-bonsai-en shared-task-datasets/TIBKAT/tib-core-subjects/data/train/*/en.tsv
    deps:
    - path: data/vocabs/gnd-tib-core
      hash: md5
      md5: fef8f3d19acc1ebefdf2bbfd45548ea6.dir
      size: 31871226
      nfiles: 3
    - path: shared-task-datasets/TIBKAT/tib-core-subjects/data/train/
      hash: md5
      md5: c5d15639a7862da4479cb426cbe3355a.dir
      size: 168633081
      nfiles: 18
    params:
      projects.toml:
        gnd-tib-core-bonsai-en:
          name: GND-tib-core Omikuji Bonsai English
          language: en
          backend: omikuji
          analyzer: snowball(english)
          vocab: gnd-tib-core
          cluster_balanced: 'False'
          cluster_k: '100'
          max_depth: '3'
          min_df: '2'
          ngram: '2'
    outs:
    - path: data/projects/gnd-tib-core-bonsai-en
      hash: md5
      md5: eba9eaf6f2f86adf66654fbf575d75b1.dir
      size: 92400399
      nfiles: 6
  eval@tib-core-bonsai-en:
    cmd:
    - annif eval gnd-tib-core-bonsai-en -j 32 -m F1@5 -m NDCG --metrics-file reports/tib-core-bonsai-en.json
      shared-task-datasets/TIBKAT/tib-core-subjects/data/dev/en.tsv.gz
    deps:
    - path: data/projects/gnd-tib-core-bonsai-en
      hash: md5
      md5: eba9eaf6f2f86adf66654fbf575d75b1.dir
      size: 92400399
      nfiles: 6
    - path: shared-task-datasets/TIBKAT/tib-core-subjects/data/dev/en.tsv.gz
      hash: md5
      md5: 708c23f77d00657e1607b0af74f204aa
      size: 3175639
    params:
      projects.toml:
        gnd-tib-core-bonsai-en:
          name: GND-tib-core Omikuji Bonsai English
          language: en
          backend: omikuji
          analyzer: snowball(english)
          vocab: gnd-tib-core
          cluster_balanced: 'False'
          cluster_k: '100'
          max_depth: '3'
          min_df: '2'
          ngram: '2'
    outs:
    - path: reports/tib-core-bonsai-en.json
      hash: md5
      md5: a3e58042dda2b95a87f6d6cb9c8d92bb
      size: 95
  eval@all-mllm-de:
    cmd:
    - annif eval gnd-all-mllm-de -j 32 -m F1@5 -m NDCG --metrics-file reports/all-mllm-de.json
      shared-task-datasets/TIBKAT/all-subjects/data/dev/de.tsv.gz
    deps:
    - path: data/projects/gnd-all-mllm-de
      hash: md5
      md5: a776b238d95a07a55fb809a5a5946de1.dir
      size: 31511432
      nfiles: 2
    - path: shared-task-datasets/TIBKAT/all-subjects/data/dev/de.tsv.gz
      hash: md5
      md5: 06f918e93fbd03fcb62e2e160eca06ba
      size: 6626372
    params:
      projects.toml:
        gnd-all-mllm-de:
          name: GND-all MLLM German
          language: de
          backend: mllm
          analyzer: snowball(german)
          vocab: gnd-all
    outs:
    - path: reports/all-mllm-de.json
      hash: md5
      md5: ad05136a8543dc183955ac690875d073
      size: 95
  train@all-mllm-en:
    cmd: annif train gnd-all-mllm-en shared-task-datasets/TIBKAT/all-subjects/data/train/*/en.tsv
    deps:
    - path: data/vocabs/gnd-all
      hash: md5
      md5: c7ff2469d4a3a37ab7d77b98ea28d3f7.dir
      size: 85563552
      nfiles: 3
    - path: shared-task-datasets/TIBKAT/all-subjects/data/train/
      hash: md5
      md5: 54a9c6ac2227175a5793262fcf40bdd8.dir
      size: 316172833
      nfiles: 24
    params:
      projects.toml:
        gnd-all-mllm-en:
          name: GND-all MLLM English
          language: en
          backend: mllm
          analyzer: simplemma(en)
          vocab: gnd-all
    outs:
    - path: data/projects/gnd-all-mllm-en
      hash: md5
      md5: 2f3211c89afc2d40a7b37d7ef7b8f0b9.dir
      size: 34672451
      nfiles: 2
  eval@all-mllm-en:
    cmd:
    - annif eval gnd-all-mllm-en -j 32 -m F1@5 -m NDCG --metrics-file reports/all-mllm-en.json
      shared-task-datasets/TIBKAT/all-subjects/data/dev/en.tsv.gz
    deps:
    - path: data/projects/gnd-all-mllm-en
      hash: md5
      md5: 2f3211c89afc2d40a7b37d7ef7b8f0b9.dir
      size: 34672451
      nfiles: 2
    - path: shared-task-datasets/TIBKAT/all-subjects/data/dev/en.tsv.gz
      hash: md5
      md5: cef663a3e160cba1eb960b5bbdf814bb
      size: 6045278
    params:
      projects.toml:
        gnd-all-mllm-en:
          name: GND-all MLLM English
          language: en
          backend: mllm
          analyzer: simplemma(en)
          vocab: gnd-all
    outs:
    - path: reports/all-mllm-en.json
      hash: md5
      md5: b008ad85f1b639cb01ec339b7d50799d
      size: 96
  train@all-bonsai-en:
    cmd: annif train gnd-all-bonsai-en shared-task-datasets/TIBKAT/all-subjects/data/train/*/en.tsv
    deps:
    - path: data/vocabs/gnd-all
      hash: md5
      md5: c7ff2469d4a3a37ab7d77b98ea28d3f7.dir
      size: 85563552
      nfiles: 3
    - path: shared-task-datasets/TIBKAT/all-subjects/data/train/
      hash: md5
      md5: 54a9c6ac2227175a5793262fcf40bdd8.dir
      size: 316172833
      nfiles: 24
    params:
      projects.toml:
        gnd-all-bonsai-en:
          name: GND-all Omikuji Bonsai English
          language: en
          backend: omikuji
          analyzer: snowball(english)
          vocab: gnd-all
          cluster_balanced: 'False'
          cluster_k: '100'
          max_depth: '3'
          min_df: '5'
          ngram: '2'
    outs:
    - path: data/projects/gnd-all-bonsai-en
      hash: md5
      md5: 1020a9f58fdd2a4957d9f89002b0eb15.dir
      size: 167603162
      nfiles: 6
  eval@all-bonsai-en:
    cmd:
    - annif eval gnd-all-bonsai-en -j 32 -m F1@5 -m NDCG --metrics-file reports/all-bonsai-en.json
      shared-task-datasets/TIBKAT/all-subjects/data/dev/en.tsv.gz
    deps:
    - path: data/projects/gnd-all-bonsai-en
      hash: md5
      md5: 1020a9f58fdd2a4957d9f89002b0eb15.dir
      size: 167603162
      nfiles: 6
    - path: shared-task-datasets/TIBKAT/all-subjects/data/dev/en.tsv.gz
      hash: md5
      md5: cef663a3e160cba1eb960b5bbdf814bb
      size: 6045278
    params:
      projects.toml:
        gnd-all-bonsai-en:
          name: GND-all Omikuji Bonsai English
          language: en
          backend: omikuji
          analyzer: snowball(english)
          vocab: gnd-all
          cluster_balanced: 'False'
          cluster_k: '100'
          max_depth: '3'
          min_df: '5'
          ngram: '2'
    outs:
    - path: reports/all-bonsai-en.json
      hash: md5
      md5: c8c1bc869ca58326351e97fd37d4ddf0
      size: 95
  eval@all-bonsai-de:
    cmd:
    - annif eval gnd-all-bonsai-de -j 32 -m F1@5 -m NDCG --metrics-file reports/all-bonsai-de.json
      shared-task-datasets/TIBKAT/all-subjects/data/dev/de.tsv.gz
    deps:
    - path: data/projects/gnd-all-bonsai-de
      hash: md5
      md5: c3bedbb59d7bbc06c8cc9a4367c0408c.dir
      size: 223719126
      nfiles: 6
    - path: shared-task-datasets/TIBKAT/all-subjects/data/dev/de.tsv.gz
      hash: md5
      md5: 06f918e93fbd03fcb62e2e160eca06ba
      size: 6626372
    params:
      projects.toml:
        gnd-all-bonsai-de:
          name: GND-all Omikuji Bonsai German
          language: de
          backend: omikuji
          analyzer: snowball(german)
          vocab: gnd-all
          cluster_balanced: 'False'
          cluster_k: '100'
          max_depth: '3'
          min_df: '2'
          ngram: '2'
    outs:
    - path: reports/all-bonsai-de.json
      hash: md5
      md5: 57c10e0a184eb1be0032844173e7047f
      size: 96
  eval@tib-core-bonsai-de:
    cmd:
    - annif eval gnd-tib-core-bonsai-de -j 32 -m F1@5 -m NDCG --metrics-file reports/tib-core-bonsai-de.json
      shared-task-datasets/TIBKAT/tib-core-subjects/data/dev/de.tsv.gz
    deps:
    - path: data/projects/gnd-tib-core-bonsai-de
      hash: md5
      md5: b7c7c0df524d4fbf6fa43d17116fd51a.dir
      size: 98096177
      nfiles: 6
    - path: shared-task-datasets/TIBKAT/tib-core-subjects/data/dev/de.tsv.gz
      hash: md5
      md5: 13bb3e235bf06cc40152b2d74a6cab52
      size: 3494814
    params:
      projects.toml:
        gnd-tib-core-bonsai-de:
          name: GND-tib-core Omikuji Bonsai German
          language: de
          backend: omikuji
          analyzer: snowball(german)
          vocab: gnd-tib-core
          cluster_balanced: 'False'
          cluster_k: '100'
          max_depth: '3'
          min_df: '2'
          ngram: '2'
    outs:
    - path: reports/tib-core-bonsai-de.json
      hash: md5
      md5: 0f5c13b74269f22810c55c72d364e4cd
      size: 94
  dummy-train-ensemble@all-en:
    cmd:
    - mkdir -p data/projects/gnd-all-ensemble-en
    - date -u > data/projects/gnd-all-ensemble-en/timestamp
    deps:
    - path: data/projects/gnd-all-bonsai-en
      hash: md5
      md5: 1020a9f58fdd2a4957d9f89002b0eb15.dir
      size: 167603162
      nfiles: 6
    - path: data/projects/gnd-all-mllm-en
      hash: md5
      md5: 2f3211c89afc2d40a7b37d7ef7b8f0b9.dir
      size: 34672451
      nfiles: 2
    - path: data/vocabs/gnd-all
      hash: md5
      md5: c7ff2469d4a3a37ab7d77b98ea28d3f7.dir
      size: 85563552
      nfiles: 3
    outs:
    - path: data/projects/gnd-all-ensemble-en
      hash: md5
      md5: 6f6c8ca79e71425dddc7ea63caaed6b8.dir
      size: 32
      nfiles: 1
  dummy-train-ensemble@all-de:
    cmd:
    - mkdir -p data/projects/gnd-all-ensemble-de
    - date -u > data/projects/gnd-all-ensemble-de/timestamp
    deps:
    - path: data/projects/gnd-all-bonsai-de
      hash: md5
      md5: c3bedbb59d7bbc06c8cc9a4367c0408c.dir
      size: 223719126
      nfiles: 6
    - path: data/projects/gnd-all-mllm-de
      hash: md5
      md5: a776b238d95a07a55fb809a5a5946de1.dir
      size: 31511432
      nfiles: 2
    - path: data/vocabs/gnd-all
      hash: md5
      md5: c7ff2469d4a3a37ab7d77b98ea28d3f7.dir
      size: 85563552
      nfiles: 3
    outs:
    - path: data/projects/gnd-all-ensemble-de
      hash: md5
      md5: 1fede914a56244c4d7af438f1c74c722.dir
      size: 32
      nfiles: 1
  dummy-train-ensemble@tib-core-de:
    cmd:
    - mkdir -p data/projects/gnd-tib-core-ensemble-de
    - date -u > data/projects/gnd-tib-core-ensemble-de/timestamp
    deps:
    - path: data/projects/gnd-tib-core-bonsai-de
      hash: md5
      md5: b7c7c0df524d4fbf6fa43d17116fd51a.dir
      size: 98096177
      nfiles: 6
    - path: data/projects/gnd-tib-core-mllm-de
      hash: md5
      md5: 29a88c3053e4dd6199a18d4e230bdffa.dir
      size: 8816914
      nfiles: 2
    - path: data/vocabs/gnd-tib-core
      hash: md5
      md5: fef8f3d19acc1ebefdf2bbfd45548ea6.dir
      size: 31871226
      nfiles: 3
    outs:
    - path: data/projects/gnd-tib-core-ensemble-de
      hash: md5
      md5: bc40b83d16861a7f3cf74614136553ad.dir
      size: 32
      nfiles: 1
  dummy-train-ensemble@tib-core-en:
    cmd:
    - mkdir -p data/projects/gnd-tib-core-ensemble-en
    - date -u > data/projects/gnd-tib-core-ensemble-en/timestamp
    deps:
    - path: data/projects/gnd-tib-core-bonsai-en
      hash: md5
      md5: eba9eaf6f2f86adf66654fbf575d75b1.dir
      size: 92400399
      nfiles: 6
    - path: data/projects/gnd-tib-core-mllm-en
      hash: md5
      md5: 4b748bd41a3a0c3d77f8b3cc08d4cc0d.dir
      size: 12946071
      nfiles: 2
    - path: data/vocabs/gnd-tib-core
      hash: md5
      md5: fef8f3d19acc1ebefdf2bbfd45548ea6.dir
      size: 31871226
      nfiles: 3
    outs:
    - path: data/projects/gnd-tib-core-ensemble-en
      hash: md5
      md5: 63baff49fe209ee004dda4b3c8c38902.dir
      size: 32
      nfiles: 1
  eval@tib-core-ensemble-de:
    cmd:
    - annif eval gnd-tib-core-ensemble-de -j 32 -m F1@5 -m NDCG --metrics-file reports/tib-core-ensemble-de.json
      shared-task-datasets/TIBKAT/tib-core-subjects/data/dev/de.tsv.gz
    deps:
    - path: data/projects/gnd-tib-core-ensemble-de
      hash: md5
      md5: bc40b83d16861a7f3cf74614136553ad.dir
      size: 32
      nfiles: 1
    - path: shared-task-datasets/TIBKAT/tib-core-subjects/data/dev/de.tsv.gz
      hash: md5
      md5: 13bb3e235bf06cc40152b2d74a6cab52
      size: 3494814
    params:
      projects.toml:
        gnd-tib-core-ensemble-de:
          name: GND-tib-core ensemble German
          language: de
          backend: ensemble
          sources: gnd-tib-core-mllm-de,gnd-tib-core-bonsai-de
          vocab: gnd-tib-core
    outs:
    - path: reports/tib-core-ensemble-de.json
      hash: md5
      md5: 5b294454e044978046ef85ae85100b12
      size: 95
  eval@tib-core-ensemble-en:
    cmd:
    - annif eval gnd-tib-core-ensemble-en -j 32 -m F1@5 -m NDCG --metrics-file reports/tib-core-ensemble-en.json
      shared-task-datasets/TIBKAT/tib-core-subjects/data/dev/en.tsv.gz
    deps:
    - path: data/projects/gnd-tib-core-ensemble-en
      hash: md5
      md5: 63baff49fe209ee004dda4b3c8c38902.dir
      size: 32
      nfiles: 1
    - path: shared-task-datasets/TIBKAT/tib-core-subjects/data/dev/en.tsv.gz
      hash: md5
      md5: 708c23f77d00657e1607b0af74f204aa
      size: 3175639
    params:
      projects.toml:
        gnd-tib-core-ensemble-en:
          name: GND-tib-core ensemble English
          language: en
          backend: ensemble
          sources: gnd-tib-core-mllm-en,gnd-tib-core-bonsai-en
          vocab: gnd-tib-core
    outs:
    - path: reports/tib-core-ensemble-en.json
      hash: md5
      md5: 9df1eac0469a00bbb36d1856772cd5b1
      size: 95
  eval@all-ensemble-en:
    cmd:
    - annif eval gnd-all-ensemble-en -j 32 -m F1@5 -m NDCG --metrics-file reports/all-ensemble-en.json
      shared-task-datasets/TIBKAT/all-subjects/data/dev/en.tsv.gz
    deps:
    - path: data/projects/gnd-all-ensemble-en
      hash: md5
      md5: 6f6c8ca79e71425dddc7ea63caaed6b8.dir
      size: 32
      nfiles: 1
    - path: shared-task-datasets/TIBKAT/all-subjects/data/dev/en.tsv.gz
      hash: md5
      md5: cef663a3e160cba1eb960b5bbdf814bb
      size: 6045278
    params:
      projects.toml:
        gnd-all-ensemble-en:
          name: GND-all ensemble English
          language: en
          backend: ensemble
          sources: gnd-all-mllm-en,gnd-all-bonsai-en
          vocab: gnd-all
    outs:
    - path: reports/all-ensemble-en.json
      hash: md5
      md5: 87b5c910fd4cfdf82dd4f0d48ff1748a
      size: 94
  eval@all-ensemble-de:
    cmd:
    - annif eval gnd-all-ensemble-de -j 32 -m F1@5 -m NDCG --metrics-file reports/all-ensemble-de.json
      shared-task-datasets/TIBKAT/all-subjects/data/dev/de.tsv.gz
    deps:
    - path: data/projects/gnd-all-ensemble-de
      hash: md5
      md5: 1fede914a56244c4d7af438f1c74c722.dir
      size: 32
      nfiles: 1
    - path: shared-task-datasets/TIBKAT/all-subjects/data/dev/de.tsv.gz
      hash: md5
      md5: 06f918e93fbd03fcb62e2e160eca06ba
      size: 6626372
    params:
      projects.toml:
        gnd-all-ensemble-de:
          name: GND-all ensemble German
          language: de
          backend: ensemble
          sources: gnd-all-mllm-de,gnd-all-bonsai-de
          vocab: gnd-all
    outs:
    - path: reports/all-ensemble-de.json
      hash: md5
      md5: 65a850ccf0379fbfe74a53967bf76d6e
      size: 96
