schema: '2.0'
stages:
  load-vocab:
    cmd: annif load-vocab --force gnd shared-task-datasets/GND/GND-Subjects-all_dnb-skos-with-en-labels.ttl
    deps:
    - path: shared-task-datasets/GND/GND-Subjects-all_dnb-skos-with-en-labels.ttl
      hash: md5
      md5: 438274312f246404e9c3dad306a0a71b
      size: 39110565
    outs:
    - path: data/vocabs/gnd
      hash: md5
      md5: 74840c5a8b3ebbea5275bcab361d0f3f.dir
      size: 85564807
      nfiles: 3
  train@en:
    cmd: annif train gnd-bonsai-en shared-task-datasets/TIBKAT/tib-core-subjects/data/train/*/*.tsv
    deps:
    - path: data/vocabs/gnd
      hash: md5
      md5: 2fd54d3c1c15c7aee0a77c0977f17440.dir
      size: 25604902
      nfiles: 3
    - path: shared-task-datasets/TIBKAT/tib-core-subjects/data/train/
      hash: md5
      md5: c45db6759bb295ff0642532a1307975a.dir
      size: 59568883
      nfiles: 6
    params:
      projects.toml:
        gnd-bonsai-en:
          name: GND Omikuji Bonsai English
          language: en
          backend: omikuji
          analyzer: simple
          vocab: gnd
          cluster_balanced: 'False'
          cluster_k: '100'
          max_depth: '3'
          min_df: '5'
          ngram: '2'
    outs:
    - path: data/projects/gnd-bonsai-en
      hash: md5
      md5: 2051ded159e9ebf321f5ad6e08cf9058.dir
      size: 301680951
      nfiles: 6
  eval-en@bonsai-en:
    cmd:
    - annif eval gnd-bonsai-en -j 32 -m F1@5 -m NDCG --metrics-file reports/bonsai-en-article.json
      shared-task-datasets/TIBKAT/all-subjects/data/dev/Article/all.tsv
    - annif eval gnd-bonsai-en -j 32 -m F1@5 -m NDCG --metrics-file reports/bonsai-en-book.json
      shared-task-datasets/TIBKAT/all-subjects/data/dev/Book/all.tsv
    - annif eval gnd-bonsai-en -j 32 -m F1@5 -m NDCG --metrics-file reports/bonsai-en-conference.json
      shared-task-datasets/TIBKAT/all-subjects/data/dev/Conference/all.tsv
    - annif eval gnd-bonsai-en -j 32 -m F1@5 -m NDCG --metrics-file reports/bonsai-en-report.json
      shared-task-datasets/TIBKAT/all-subjects/data/dev/Report/all.tsv
    - annif eval gnd-bonsai-en -j 32 -m F1@5 -m NDCG --metrics-file reports/bonsai-en-thesis.json
      shared-task-datasets/TIBKAT/all-subjects/data/dev/Thesis/all.tsv
    deps:
    - path: data/projects/gnd-bonsai-en
      hash: md5
      md5: bc5af7dba10a96bf4957013911726598.dir
      size: 698650536
      nfiles: 6
    - path: shared-task-datasets/TIBKAT/all-subjects/data/dev/Article/all.tsv
      hash: md5
      md5: f17f184117e43033d360241bcac8c700
      size: 208989
    - path: shared-task-datasets/TIBKAT/all-subjects/data/dev/Book/all.tsv
      hash: md5
      md5: 96ab3968bc747c33546ac5d9ea1530e6
      size: 13357145
    - path: shared-task-datasets/TIBKAT/all-subjects/data/dev/Conference/all.tsv
      hash: md5
      md5: e16befa278d20d71a551839ead77eedf
      size: 1340370
    - path: shared-task-datasets/TIBKAT/all-subjects/data/dev/Report/all.tsv
      hash: md5
      md5: 6f3905323a2529713bb42b834b5cae1c
      size: 465717
    - path: shared-task-datasets/TIBKAT/all-subjects/data/dev/Thesis/all.tsv
      hash: md5
      md5: 717be90085bd10ac7714adfdb6600ff5
      size: 3237376
    params:
      projects.toml:
        gnd-bonsai-en:
          name: GND Omikuji Bonsai English
          language: en
          backend: omikuji
          analyzer: simple
          vocab: gnd
          cluster_balanced: 'False'
          cluster_k: '100'
          max_depth: '3'
          min_df: '5'
          ngram: '2'
    outs:
    - path: reports/bonsai-en-article.json
      hash: md5
      md5: 17917afb611042b51acc915c1a67b920
      size: 93
    - path: reports/bonsai-en-book.json
      hash: md5
      md5: 41e15c9df275c0bc1cc29445d801d59c
      size: 95
    - path: reports/bonsai-en-conference.json
      hash: md5
      md5: 4016f2f3da48dff83be89250ad71988c
      size: 93
    - path: reports/bonsai-en-report.json
      hash: md5
      md5: 21a2dbfae67499d1f0fe21854f4378f0
      size: 93
    - path: reports/bonsai-en-thesis.json
      hash: md5
      md5: 4b51b617f263a8647148631bf93afccc
      size: 95
  train-mllm@de:
    cmd: annif train gnd-mllm-de shared-task-datasets/TIBKAT/all-subjects/data/train/*/*.tsv
    deps:
    - path: data/vocabs/gnd
      hash: md5
      md5: 74840c5a8b3ebbea5275bcab361d0f3f.dir
      size: 85564807
      nfiles: 3
    - path: shared-task-datasets/TIBKAT/all-subjects/data/train/
      hash: md5
      md5: 8a0a9f917a654c666761b94f8165c666.dir
      size: 111982733
      nfiles: 8
    params:
      projects.toml:
        gnd-mllm-de:
          name: GND MLLM German
          language: de
          backend: mllm
          analyzer: simple
          vocab: gnd
    outs:
    - path: data/projects/gnd-mllm-de
      hash: md5
      md5: c1bce7212130dd30c10d558b4ddbf7ee.dir
      size: 50478905
      nfiles: 2
  train-omikuji-bonsai@en:
    cmd: annif train gnd-bonsai-en shared-task-datasets/TIBKAT/all-subjects/data/train/*/*.tsv
    deps:
    - path: data/vocabs/gnd
      hash: md5
      md5: 74840c5a8b3ebbea5275bcab361d0f3f.dir
      size: 85564807
      nfiles: 3
    - path: shared-task-datasets/TIBKAT/all-subjects/data/train/
      hash: md5
      md5: 8a0a9f917a654c666761b94f8165c666.dir
      size: 111982733
      nfiles: 8
    params:
      projects.toml:
        gnd-bonsai-en:
          name: GND Omikuji Bonsai English
          language: en
          backend: omikuji
          analyzer: simple
          vocab: gnd
          cluster_balanced: 'False'
          cluster_k: '100'
          max_depth: '3'
          min_df: '5'
          ngram: '2'
    outs:
    - path: data/projects/gnd-bonsai-en
      hash: md5
      md5: bc5af7dba10a96bf4957013911726598.dir
      size: 698650536
      nfiles: 6
  eval-de@mllm-de:
    cmd:
    - annif eval gnd-mllm-de -j 32 -m F1@5 -m NDCG --metrics-file reports/mllm-de-article.json
      shared-task-datasets/TIBKAT/all-subjects/data/dev/Article/all.tsv
    - annif eval gnd-mllm-de -j 32 -m F1@5 -m NDCG --metrics-file reports/mllm-de-book.json
      shared-task-datasets/TIBKAT/all-subjects/data/dev/Book/all.tsv
    - annif eval gnd-mllm-de -j 32 -m F1@5 -m NDCG --metrics-file reports/mllm-de-conference.json
      shared-task-datasets/TIBKAT/all-subjects/data/dev/Conference/all.tsv
    - annif eval gnd-mllm-de -j 32 -m F1@5 -m NDCG --metrics-file reports/mllm-de-report.json
      shared-task-datasets/TIBKAT/all-subjects/data/dev/Report/all.tsv
    - annif eval gnd-mllm-de -j 32 -m F1@5 -m NDCG --metrics-file reports/mllm-de-thesis.json
      shared-task-datasets/TIBKAT/all-subjects/data/dev/Thesis/all.tsv
    deps:
    - path: data/projects/gnd-mllm-de
      hash: md5
      md5: c1bce7212130dd30c10d558b4ddbf7ee.dir
      size: 50478905
      nfiles: 2
    - path: shared-task-datasets/TIBKAT/all-subjects/data/dev/Article/all.tsv
      hash: md5
      md5: f17f184117e43033d360241bcac8c700
      size: 208989
    - path: shared-task-datasets/TIBKAT/all-subjects/data/dev/Book/all.tsv
      hash: md5
      md5: 96ab3968bc747c33546ac5d9ea1530e6
      size: 13357145
    - path: shared-task-datasets/TIBKAT/all-subjects/data/dev/Conference/all.tsv
      hash: md5
      md5: e16befa278d20d71a551839ead77eedf
      size: 1340370
    - path: shared-task-datasets/TIBKAT/all-subjects/data/dev/Report/all.tsv
      hash: md5
      md5: 6f3905323a2529713bb42b834b5cae1c
      size: 465717
    - path: shared-task-datasets/TIBKAT/all-subjects/data/dev/Thesis/all.tsv
      hash: md5
      md5: 717be90085bd10ac7714adfdb6600ff5
      size: 3237376
    params:
      projects.toml:
        gnd-mllm-de:
          name: GND MLLM German
          language: de
          backend: mllm
          analyzer: simple
          vocab: gnd
    outs:
    - path: reports/mllm-de-article.json
      hash: md5
      md5: f9047f17c644270f2391d6f10556e506
      size: 93
    - path: reports/mllm-de-book.json
      hash: md5
      md5: 0e33a7635430ee3e644605c96e6abd02
      size: 94
    - path: reports/mllm-de-conference.json
      hash: md5
      md5: 820ec526952efdee4a99ab22a48bd005
      size: 94
    - path: reports/mllm-de-report.json
      hash: md5
      md5: f6ddaa31ae9402013ea6420fbd81cc48
      size: 93
    - path: reports/mllm-de-thesis.json
      hash: md5
      md5: 1a88858870a79d4e184e2a2ce80cfe1d
      size: 94
  train-mllm@en:
    cmd: annif train gnd-mllm-en shared-task-datasets/TIBKAT/all-subjects/data/train/*/*.tsv
    deps:
    - path: data/vocabs/gnd
      hash: md5
      md5: 74840c5a8b3ebbea5275bcab361d0f3f.dir
      size: 85564807
      nfiles: 3
    - path: shared-task-datasets/TIBKAT/all-subjects/data/train/
      hash: md5
      md5: 8a0a9f917a654c666761b94f8165c666.dir
      size: 111982733
      nfiles: 8
    params:
      projects.toml:
        gnd-mllm-en:
          name: GND MLLM English
          language: en
          backend: mllm
          analyzer: simple
          vocab: gnd
    outs:
    - path: data/projects/gnd-mllm-en
      hash: md5
      md5: 16db725b69ee9d70ba1d3e5863939dd0.dir
      size: 48199833
      nfiles: 2
  train-omikuji-bonsai@de:
    cmd: annif train gnd-bonsai-de shared-task-datasets/TIBKAT/all-subjects/data/train/*/*.tsv
    deps:
    - path: data/vocabs/gnd
      hash: md5
      md5: 74840c5a8b3ebbea5275bcab361d0f3f.dir
      size: 85564807
      nfiles: 3
    - path: shared-task-datasets/TIBKAT/all-subjects/data/train/
      hash: md5
      md5: 8a0a9f917a654c666761b94f8165c666.dir
      size: 111982733
      nfiles: 8
    params:
      projects.toml:
        gnd-bonsai-de:
          name: GND Omikuji Bonsai German
          language: de
          backend: omikuji
          analyzer: simple
          vocab: gnd
          cluster_balanced: 'False'
          cluster_k: '100'
          max_depth: '3'
          min_df: '5'
          ngram: '2'
    outs:
    - path: data/projects/gnd-bonsai-de
      hash: md5
      md5: d43ee4c9f8dc80d6959bae998008ab00.dir
      size: 698909187
      nfiles: 6
  eval-en@mllm-en:
    cmd:
    - annif eval gnd-mllm-en -j 32 -m F1@5 -m NDCG --metrics-file reports/mllm-en-article.json
      shared-task-datasets/TIBKAT/all-subjects/data/dev/Article/all.tsv
    - annif eval gnd-mllm-en -j 32 -m F1@5 -m NDCG --metrics-file reports/mllm-en-book.json
      shared-task-datasets/TIBKAT/all-subjects/data/dev/Book/all.tsv
    - annif eval gnd-mllm-en -j 32 -m F1@5 -m NDCG --metrics-file reports/mllm-en-conference.json
      shared-task-datasets/TIBKAT/all-subjects/data/dev/Conference/all.tsv
    - annif eval gnd-mllm-en -j 32 -m F1@5 -m NDCG --metrics-file reports/mllm-en-report.json
      shared-task-datasets/TIBKAT/all-subjects/data/dev/Report/all.tsv
    - annif eval gnd-mllm-en -j 32 -m F1@5 -m NDCG --metrics-file reports/mllm-en-thesis.json
      shared-task-datasets/TIBKAT/all-subjects/data/dev/Thesis/all.tsv
    deps:
    - path: data/projects/gnd-mllm-en
      hash: md5
      md5: 16db725b69ee9d70ba1d3e5863939dd0.dir
      size: 48199833
      nfiles: 2
    - path: shared-task-datasets/TIBKAT/all-subjects/data/dev/Article/all.tsv
      hash: md5
      md5: f17f184117e43033d360241bcac8c700
      size: 208989
    - path: shared-task-datasets/TIBKAT/all-subjects/data/dev/Book/all.tsv
      hash: md5
      md5: 96ab3968bc747c33546ac5d9ea1530e6
      size: 13357145
    - path: shared-task-datasets/TIBKAT/all-subjects/data/dev/Conference/all.tsv
      hash: md5
      md5: e16befa278d20d71a551839ead77eedf
      size: 1340370
    - path: shared-task-datasets/TIBKAT/all-subjects/data/dev/Report/all.tsv
      hash: md5
      md5: 6f3905323a2529713bb42b834b5cae1c
      size: 465717
    - path: shared-task-datasets/TIBKAT/all-subjects/data/dev/Thesis/all.tsv
      hash: md5
      md5: 717be90085bd10ac7714adfdb6600ff5
      size: 3237376
    params:
      projects.toml:
        gnd-mllm-en:
          name: GND MLLM English
          language: en
          backend: mllm
          analyzer: simple
          vocab: gnd
    outs:
    - path: reports/mllm-en-article.json
      hash: md5
      md5: cefa47d7ea19033fff58ee1ccc0bd72f
      size: 94
    - path: reports/mllm-en-book.json
      hash: md5
      md5: 4616510d94f960bcc16e3fed8af4482c
      size: 96
    - path: reports/mllm-en-conference.json
      hash: md5
      md5: dbd4d5bdcfca729b3e1915409fdab015
      size: 94
    - path: reports/mllm-en-report.json
      hash: md5
      md5: e5fe0777739b98e50bc86f0305d25f0d
      size: 92
    - path: reports/mllm-en-thesis.json
      hash: md5
      md5: f65ee0fb8ae206bc998414eff8eef234
      size: 94
  eval-de@bonsai-de:
    cmd:
    - annif eval gnd-bonsai-de -j 32 -m F1@5 -m NDCG --metrics-file reports/bonsai-de-article.json
      shared-task-datasets/TIBKAT/all-subjects/data/dev/Article/all.tsv
    - annif eval gnd-bonsai-de -j 32 -m F1@5 -m NDCG --metrics-file reports/bonsai-de-book.json
      shared-task-datasets/TIBKAT/all-subjects/data/dev/Book/all.tsv
    - annif eval gnd-bonsai-de -j 32 -m F1@5 -m NDCG --metrics-file reports/bonsai-de-conference.json
      shared-task-datasets/TIBKAT/all-subjects/data/dev/Conference/all.tsv
    - annif eval gnd-bonsai-de -j 32 -m F1@5 -m NDCG --metrics-file reports/bonsai-de-report.json
      shared-task-datasets/TIBKAT/all-subjects/data/dev/Report/all.tsv
    - annif eval gnd-bonsai-de -j 32 -m F1@5 -m NDCG --metrics-file reports/bonsai-de-thesis.json
      shared-task-datasets/TIBKAT/all-subjects/data/dev/Thesis/all.tsv
    deps:
    - path: data/projects/gnd-bonsai-de
      hash: md5
      md5: d43ee4c9f8dc80d6959bae998008ab00.dir
      size: 698909187
      nfiles: 6
    - path: shared-task-datasets/TIBKAT/all-subjects/data/dev/Article/all.tsv
      hash: md5
      md5: f17f184117e43033d360241bcac8c700
      size: 208989
    - path: shared-task-datasets/TIBKAT/all-subjects/data/dev/Book/all.tsv
      hash: md5
      md5: 96ab3968bc747c33546ac5d9ea1530e6
      size: 13357145
    - path: shared-task-datasets/TIBKAT/all-subjects/data/dev/Conference/all.tsv
      hash: md5
      md5: e16befa278d20d71a551839ead77eedf
      size: 1340370
    - path: shared-task-datasets/TIBKAT/all-subjects/data/dev/Report/all.tsv
      hash: md5
      md5: 6f3905323a2529713bb42b834b5cae1c
      size: 465717
    - path: shared-task-datasets/TIBKAT/all-subjects/data/dev/Thesis/all.tsv
      hash: md5
      md5: 717be90085bd10ac7714adfdb6600ff5
      size: 3237376
    params:
      projects.toml:
        gnd-bonsai-de:
          name: GND Omikuji Bonsai German
          language: de
          backend: omikuji
          analyzer: simple
          vocab: gnd
          cluster_balanced: 'False'
          cluster_k: '100'
          max_depth: '3'
          min_df: '5'
          ngram: '2'
    outs:
    - path: reports/bonsai-de-article.json
      hash: md5
      md5: e69dcb85c21b1174fb72b5db43eba26c
      size: 91
    - path: reports/bonsai-de-book.json
      hash: md5
      md5: c98d750fb5d43bfa1bd232fe8b94a5e5
      size: 95
    - path: reports/bonsai-de-conference.json
      hash: md5
      md5: d6223315370a9e4871565e576bc55a85
      size: 92
    - path: reports/bonsai-de-report.json
      hash: md5
      md5: c5c23d45450b065005da5468e77182b9
      size: 93
    - path: reports/bonsai-de-thesis.json
      hash: md5
      md5: 90dccffed287ae591dc21e8cec363ce3
      size: 94
  load-vocab@tib-core:
    cmd: annif load-vocab --force gnd-tib-core shared-task-datasets/GND/GND-Subjects-tib-core_dnb-skos-with-en-labels.ttl
    deps:
    - path: shared-task-datasets/GND/GND-Subjects-tib-core_dnb-skos-with-en-labels.ttl
      hash: md5
      md5: ab125287d4a28d1cdb997bd3bfe5aee2
      size: 14544383
    outs:
    - path: data/vocabs/gnd-tib-core
      hash: md5
      md5: fef8f3d19acc1ebefdf2bbfd45548ea6.dir
      size: 31871226
      nfiles: 3
  train@tib-core-bonsai-de:
    cmd: annif train gnd-tib-core-bonsai-de shared-task-datasets/TIBKAT/tib-core-subjects/data/train/de.tsv.gz
    deps:
    - path: data/vocabs/gnd-tib-core
      hash: md5
      md5: fef8f3d19acc1ebefdf2bbfd45548ea6.dir
      size: 31871226
      nfiles: 3
    - path: shared-task-datasets/TIBKAT/tib-core-subjects/data/train/de.tsv.gz
      hash: md5
      md5: 3f4d8a7c3f15e98bf433c6eef0f5295c
      size: 21140795
    params:
      projects.toml:
        gnd-tib-core-bonsai-de:
          name: GND-tib-core Omikuji Bonsai German
          language: de
          backend: omikuji
          analyzer: snowball(german)
          vocab: gnd-tib-core
          cluster_balanced: 'False'
          cluster_k: '100'
          max_depth: '3'
          min_df: '2'
          ngram: '2'
    outs:
    - path: data/projects/gnd-tib-core-bonsai-de
      hash: md5
      md5: 816cfb96c22512be1d3e0a5f1a21bde1.dir
      size: 373678567
      nfiles: 6
  load-vocab@all:
    cmd: annif load-vocab --force gnd-all shared-task-datasets/GND/GND-Subjects-all_dnb-skos-with-en-labels.ttl
    deps:
    - path: shared-task-datasets/GND/GND-Subjects-all_dnb-skos-with-en-labels.ttl
      hash: md5
      md5: 438274312f246404e9c3dad306a0a71b
      size: 39110565
    outs:
    - path: data/vocabs/gnd-all
      hash: md5
      md5: c7ff2469d4a3a37ab7d77b98ea28d3f7.dir
      size: 85563552
      nfiles: 3
  train@tib-core-mllm-en:
    cmd: annif train gnd-tib-core-mllm-en shared-task-datasets/TIBKAT/tib-core-subjects/data/train/en.tsv.gz
    deps:
    - path: data/vocabs/gnd-tib-core
      hash: md5
      md5: fef8f3d19acc1ebefdf2bbfd45548ea6.dir
      size: 31871226
      nfiles: 3
    - path: shared-task-datasets/TIBKAT/tib-core-subjects/data/train/en.tsv.gz
      hash: md5
      md5: 6a8d0d989b1d9e2e5176becb6ed2f56e
      size: 19213009
    params:
      projects.toml:
        gnd-tib-core-mllm-en:
          name: GND-tib-core MLLM English
          language: en
          backend: mllm
          analyzer: snowball(english)
          vocab: gnd-tib-core
    outs:
    - path: data/projects/gnd-tib-core-mllm-en
      hash: md5
      md5: 4a27dd2c78112bc4a7b896ae06ffd44d.dir
      size: 46542402
      nfiles: 2
  eval@tib-core-mllm-en:
    cmd:
    - annif eval gnd-tib-core-mllm-en -j 32 -m F1@5 -m NDCG --metrics-file reports/tib-core-mllm-en.json
      shared-task-datasets/TIBKAT/tib-core-subjects/data/dev/en.tsv.gz
    deps:
    - path: data/projects/gnd-tib-core-mllm-en
      hash: md5
      md5: e1225ef72c48ea6c35818af632861907.dir
      size: 46429298
      nfiles: 2
    - path: shared-task-datasets/TIBKAT/tib-core-subjects/data/dev/en.tsv.gz
      hash: md5
      md5: 708c23f77d00657e1607b0af74f204aa
      size: 3175639
    params:
      projects.toml:
        gnd-tib-core-mllm-en:
          name: GND-tib-core MLLM English
          language: en
          backend: mllm
          analyzer: snowball(english)
          vocab: gnd-tib-core
    outs:
    - path: reports/tib-core-mllm-en.json
      hash: md5
      md5: d997adc360b6a3e7678f23f78cb93218
      size: 95
  train@all-bonsai-de:
    cmd: annif train gnd-all-bonsai-de shared-task-datasets/TIBKAT/all-subjects/data/train/de.tsv.gz
    deps:
    - path: data/vocabs/gnd-all
      hash: md5
      md5: c7ff2469d4a3a37ab7d77b98ea28d3f7.dir
      size: 85563552
      nfiles: 3
    - path: shared-task-datasets/TIBKAT/all-subjects/data/train/de.tsv.gz
      hash: md5
      md5: 4e1a80f1e539d8e19073e004b752ead0
      size: 39773295
    params:
      projects.toml:
        gnd-all-bonsai-de:
          name: GND-all Omikuji Bonsai German
          language: de
          backend: omikuji
          analyzer: snowball(german)
          vocab: gnd-all
          cluster_balanced: 'False'
          cluster_k: '100'
          max_depth: '3'
          min_df: '2'
          ngram: '2'
    outs:
    - path: data/projects/gnd-all-bonsai-de
      hash: md5
      md5: 3e589661d98b1829e56a3855449e7a1f.dir
      size: 842399637
      nfiles: 6
  train@tib-core-mllm-de:
    cmd: annif train gnd-tib-core-mllm-de shared-task-datasets/TIBKAT/tib-core-subjects/data/train/de.tsv.gz
    deps:
    - path: data/vocabs/gnd-tib-core
      hash: md5
      md5: fef8f3d19acc1ebefdf2bbfd45548ea6.dir
      size: 31871226
      nfiles: 3
    - path: shared-task-datasets/TIBKAT/tib-core-subjects/data/train/de.tsv.gz
      hash: md5
      md5: 3f4d8a7c3f15e98bf433c6eef0f5295c
      size: 21140795
    params:
      projects.toml:
        gnd-tib-core-mllm-de:
          name: GND-tib-core MLLM German
          language: de
          backend: mllm
          analyzer: snowball(german)
          vocab: gnd-tib-core
    outs:
    - path: data/projects/gnd-tib-core-mllm-de
      hash: md5
      md5: 0918865c9a3252d8164cf8db84e2e46a.dir
      size: 23230798
      nfiles: 2
  eval@tib-core-mllm-de:
    cmd:
    - annif eval gnd-tib-core-mllm-de -j 32 -m F1@5 -m NDCG --metrics-file reports/tib-core-mllm-de.json
      shared-task-datasets/TIBKAT/tib-core-subjects/data/dev/de.tsv.gz
    deps:
    - path: data/projects/gnd-tib-core-mllm-de
      hash: md5
      md5: b1432548dee869787c6ab7fcb1dd1b09.dir
      size: 23217400
      nfiles: 2
    - path: shared-task-datasets/TIBKAT/tib-core-subjects/data/dev/de.tsv.gz
      hash: md5
      md5: 13bb3e235bf06cc40152b2d74a6cab52
      size: 3494814
    params:
      projects.toml:
        gnd-tib-core-mllm-de:
          name: GND-tib-core MLLM German
          language: de
          backend: mllm
          analyzer: snowball(german)
          vocab: gnd-tib-core
    outs:
    - path: reports/tib-core-mllm-de.json
      hash: md5
      md5: f4604e934e3212cc808a61b46694497c
      size: 95
  train@all-mllm-de:
    cmd: annif train gnd-all-mllm-de shared-task-datasets/TIBKAT/all-subjects/data/train/de.tsv.gz
    deps:
    - path: data/vocabs/gnd-all
      hash: md5
      md5: c7ff2469d4a3a37ab7d77b98ea28d3f7.dir
      size: 85563552
      nfiles: 3
    - path: shared-task-datasets/TIBKAT/all-subjects/data/train/de.tsv.gz
      hash: md5
      md5: 4e1a80f1e539d8e19073e004b752ead0
      size: 39773295
    params:
      projects.toml:
        gnd-all-mllm-de:
          name: GND-all MLLM German
          language: de
          backend: mllm
          analyzer: snowball(german)
          vocab: gnd-all
    outs:
    - path: data/projects/gnd-all-mllm-de
      hash: md5
      md5: 9003cf982d2aef36a0dd03ee4c00258e.dir
      size: 102643995
      nfiles: 2
  train@tib-core-bonsai-en:
    cmd: annif train gnd-tib-core-bonsai-en shared-task-datasets/TIBKAT/tib-core-subjects/data/train/en.tsv.gz
    deps:
    - path: data/vocabs/gnd-tib-core
      hash: md5
      md5: fef8f3d19acc1ebefdf2bbfd45548ea6.dir
      size: 31871226
      nfiles: 3
    - path: shared-task-datasets/TIBKAT/tib-core-subjects/data/train/en.tsv.gz
      hash: md5
      md5: 6a8d0d989b1d9e2e5176becb6ed2f56e
      size: 19213009
    params:
      projects.toml:
        gnd-tib-core-bonsai-en:
          name: GND-tib-core Omikuji Bonsai English
          language: en
          backend: omikuji
          analyzer: snowball(english)
          vocab: gnd-tib-core
          cluster_balanced: 'False'
          cluster_k: '100'
          max_depth: '3'
          min_df: '2'
          ngram: '2'
    outs:
    - path: data/projects/gnd-tib-core-bonsai-en
      hash: md5
      md5: b8255547abe2b81551b46c5ddf83eb44.dir
      size: 357110999
      nfiles: 6
  eval@tib-core-bonsai-en:
    cmd:
    - annif eval gnd-tib-core-bonsai-en -j 32 -m F1@5 -m NDCG --metrics-file reports/tib-core-bonsai-en.json
      shared-task-datasets/TIBKAT/tib-core-subjects/data/dev/en.tsv.gz
    deps:
    - path: data/projects/gnd-tib-core-bonsai-en
      hash: md5
      md5: 1bc22c3cdf245c1eae47bab9aaf469c9.dir
      size: 1322462959
      nfiles: 6
    - path: shared-task-datasets/TIBKAT/tib-core-subjects/data/dev/en.tsv.gz
      hash: md5
      md5: 708c23f77d00657e1607b0af74f204aa
      size: 3175639
    params:
      projects.toml:
        gnd-tib-core-bonsai-en:
          name: GND-tib-core Omikuji Bonsai English
          language: en
          backend: omikuji
          analyzer: snowball(english)
          vocab: gnd-tib-core
          cluster_balanced: 'False'
          cluster_k: '100'
          max_depth: '3'
          min_df: '2'
          ngram: '2'
    outs:
    - path: reports/tib-core-bonsai-en.json
      hash: md5
      md5: 940f02fe423d68fa2bf9067f915395f0
      size: 93
  eval@all-mllm-de:
    cmd:
    - annif eval gnd-all-mllm-de -j 32 -m F1@5 -m NDCG --metrics-file reports/all-mllm-de.json
      shared-task-datasets/TIBKAT/all-subjects/data/dev/de.tsv.gz
    deps:
    - path: data/projects/gnd-all-mllm-de
      hash: md5
      md5: 24bab0c9f1acdc24a740755b5950a344.dir
      size: 102853713
      nfiles: 2
    - path: shared-task-datasets/TIBKAT/all-subjects/data/dev/de.tsv.gz
      hash: md5
      md5: 06f918e93fbd03fcb62e2e160eca06ba
      size: 6626372
    params:
      projects.toml:
        gnd-all-mllm-de:
          name: GND-all MLLM German
          language: de
          backend: mllm
          analyzer: snowball(german)
          vocab: gnd-all
    outs:
    - path: reports/all-mllm-de.json
      hash: md5
      md5: c8c30e2e8ad8e5c3ec97e8ec33daafd0
      size: 93
  train@all-mllm-en:
    cmd: annif train gnd-all-mllm-en shared-task-datasets/TIBKAT/all-subjects/data/train/en.tsv.gz
    deps:
    - path: data/vocabs/gnd-all
      hash: md5
      md5: c7ff2469d4a3a37ab7d77b98ea28d3f7.dir
      size: 85563552
      nfiles: 3
    - path: shared-task-datasets/TIBKAT/all-subjects/data/train/en.tsv.gz
      hash: md5
      md5: 6444ce7a501bb62bcb9c7dded5722a87
      size: 36341593
    params:
      projects.toml:
        gnd-all-mllm-en:
          name: GND-all MLLM English
          language: en
          backend: mllm
          analyzer: simplemma(en)
          vocab: gnd-all
    outs:
    - path: data/projects/gnd-all-mllm-en
      hash: md5
      md5: 172fd7e9916ab4ac296ef8f14e0021dd.dir
      size: 135878900
      nfiles: 2
  eval@all-mllm-en:
    cmd:
    - annif eval gnd-all-mllm-en -j 32 -m F1@5 -m NDCG --metrics-file reports/all-mllm-en.json
      shared-task-datasets/TIBKAT/all-subjects/data/dev/en.tsv.gz
    deps:
    - path: data/projects/gnd-all-mllm-en
      hash: md5
      md5: 528d3775fcf27fd423ea15badd0f6389.dir
      size: 136519828
      nfiles: 2
    - path: shared-task-datasets/TIBKAT/all-subjects/data/dev/en.tsv.gz
      hash: md5
      md5: cef663a3e160cba1eb960b5bbdf814bb
      size: 6045278
    params:
      projects.toml:
        gnd-all-mllm-en:
          name: GND-all MLLM English
          language: en
          backend: mllm
          analyzer: simplemma(en)
          vocab: gnd-all
    outs:
    - path: reports/all-mllm-en.json
      hash: md5
      md5: e3e59ae8947cd0e44b1b036870e09ab2
      size: 95
  train@all-bonsai-en:
    cmd: annif train gnd-all-bonsai-en shared-task-datasets/TIBKAT/all-subjects/data/train/en.tsv.gz
    deps:
    - path: data/vocabs/gnd-all
      hash: md5
      md5: c7ff2469d4a3a37ab7d77b98ea28d3f7.dir
      size: 85563552
      nfiles: 3
    - path: shared-task-datasets/TIBKAT/all-subjects/data/train/en.tsv.gz
      hash: md5
      md5: 6444ce7a501bb62bcb9c7dded5722a87
      size: 36341593
    params:
      projects.toml:
        gnd-all-bonsai-en:
          name: GND-all Omikuji Bonsai English
          language: en
          backend: omikuji
          analyzer: snowball(english)
          vocab: gnd-all
          cluster_balanced: 'False'
          cluster_k: '100'
          max_depth: '3'
          min_df: '5'
          ngram: '2'
    outs:
    - path: data/projects/gnd-all-bonsai-en
      hash: md5
      md5: f75860cacf0076b2981181828e073e92.dir
      size: 702409059
      nfiles: 6
  eval@all-bonsai-en:
    cmd:
    - annif eval gnd-all-bonsai-en -j 32 -m F1@5 -m NDCG --metrics-file reports/all-bonsai-en.json
      shared-task-datasets/TIBKAT/all-subjects/data/dev/en.tsv.gz
    deps:
    - path: data/projects/gnd-all-bonsai-en
      hash: md5
      md5: 7b26023c8598bb5de5ee54f65425f30d.dir
      size: 2744310403
      nfiles: 6
    - path: shared-task-datasets/TIBKAT/all-subjects/data/dev/en.tsv.gz
      hash: md5
      md5: cef663a3e160cba1eb960b5bbdf814bb
      size: 6045278
    params:
      projects.toml:
        gnd-all-bonsai-en:
          name: GND-all Omikuji Bonsai English
          language: en
          backend: omikuji
          analyzer: snowball(english)
          vocab: gnd-all
          cluster_balanced: 'False'
          cluster_k: '100'
          max_depth: '3'
          min_df: '5'
          ngram: '2'
    outs:
    - path: reports/all-bonsai-en.json
      hash: md5
      md5: 34c61e27348965a8f1b9b2bdf31b8c75
      size: 94
  eval@all-bonsai-de:
    cmd:
    - annif eval gnd-all-bonsai-de -j 32 -m F1@5 -m NDCG --metrics-file reports/all-bonsai-de.json
      shared-task-datasets/TIBKAT/all-subjects/data/dev/de.tsv.gz
    deps:
    - path: data/projects/gnd-all-bonsai-de
      hash: md5
      md5: 72749f34e1b8000304c6f8f4f4d00d4b.dir
      size: 3064085813
      nfiles: 6
    - path: shared-task-datasets/TIBKAT/all-subjects/data/dev/de.tsv.gz
      hash: md5
      md5: 06f918e93fbd03fcb62e2e160eca06ba
      size: 6626372
    params:
      projects.toml:
        gnd-all-bonsai-de:
          name: GND-all Omikuji Bonsai German
          language: de
          backend: omikuji
          analyzer: snowball(german)
          vocab: gnd-all
          cluster_balanced: 'False'
          cluster_k: '100'
          max_depth: '3'
          min_df: '2'
          ngram: '2'
    outs:
    - path: reports/all-bonsai-de.json
      hash: md5
      md5: a2a7e93afe528df38515bceb5980be10
      size: 95
  eval@tib-core-bonsai-de:
    cmd:
    - annif eval gnd-tib-core-bonsai-de -j 32 -m F1@5 -m NDCG --metrics-file reports/tib-core-bonsai-de.json
      shared-task-datasets/TIBKAT/tib-core-subjects/data/dev/de.tsv.gz
    deps:
    - path: data/projects/gnd-tib-core-bonsai-de
      hash: md5
      md5: 8a96aa4a4a36f54a094a874797c3dad6.dir
      size: 1336627658
      nfiles: 6
    - path: shared-task-datasets/TIBKAT/tib-core-subjects/data/dev/de.tsv.gz
      hash: md5
      md5: 13bb3e235bf06cc40152b2d74a6cab52
      size: 3494814
    params:
      projects.toml:
        gnd-tib-core-bonsai-de:
          name: GND-tib-core Omikuji Bonsai German
          language: de
          backend: omikuji
          analyzer: snowball(german)
          vocab: gnd-tib-core
          cluster_balanced: 'False'
          cluster_k: '100'
          max_depth: '3'
          min_df: '2'
          ngram: '2'
    outs:
    - path: reports/tib-core-bonsai-de.json
      hash: md5
      md5: 7c7eae1462f699cf1737fb831411c17c
      size: 93
  dummy-train-ensemble@all-en:
    cmd:
    - mkdir -p data/projects/gnd-all-ensemble-en
    - date -u > data/projects/gnd-all-ensemble-en/timestamp
    deps:
    - path: data/projects/gnd-all-bonsai-en
      hash: md5
      md5: 7b26023c8598bb5de5ee54f65425f30d.dir
      size: 2744310403
      nfiles: 6
    - path: data/projects/gnd-all-mllm-en
      hash: md5
      md5: 528d3775fcf27fd423ea15badd0f6389.dir
      size: 136519828
      nfiles: 2
    - path: data/vocabs/gnd-all
      hash: md5
      md5: 1cbcfe7e8b91f19b3a72a5c0942862e7.dir
      size: 85564111
      nfiles: 3
    outs:
    - path: data/projects/gnd-all-ensemble-en
      hash: md5
      md5: c9bf9a2d02e989ff581c12f0dc4cb0b4.dir
      size: 32
      nfiles: 1
  dummy-train-ensemble@all-de:
    cmd:
    - mkdir -p data/projects/gnd-all-ensemble-de
    - date -u > data/projects/gnd-all-ensemble-de/timestamp
    deps:
    - path: data/projects/gnd-all-bonsai-de
      hash: md5
      md5: 72749f34e1b8000304c6f8f4f4d00d4b.dir
      size: 3064085813
      nfiles: 6
    - path: data/projects/gnd-all-mllm-de
      hash: md5
      md5: 24bab0c9f1acdc24a740755b5950a344.dir
      size: 102853713
      nfiles: 2
    - path: data/vocabs/gnd-all
      hash: md5
      md5: 1cbcfe7e8b91f19b3a72a5c0942862e7.dir
      size: 85564111
      nfiles: 3
    outs:
    - path: data/projects/gnd-all-ensemble-de
      hash: md5
      md5: 33b9025db1736269cac941d5c45c6edb.dir
      size: 32
      nfiles: 1
  dummy-train-ensemble@tib-core-de:
    cmd:
    - mkdir -p data/projects/gnd-tib-core-ensemble-de
    - date -u > data/projects/gnd-tib-core-ensemble-de/timestamp
    deps:
    - path: data/projects/gnd-tib-core-bonsai-de
      hash: md5
      md5: 8a96aa4a4a36f54a094a874797c3dad6.dir
      size: 1336627658
      nfiles: 6
    - path: data/projects/gnd-tib-core-mllm-de
      hash: md5
      md5: b1432548dee869787c6ab7fcb1dd1b09.dir
      size: 23217400
      nfiles: 2
    - path: data/vocabs/gnd-tib-core
      hash: md5
      md5: 2c649e0e5842585f10bcb060a14a3ca8.dir
      size: 31870479
      nfiles: 3
    outs:
    - path: data/projects/gnd-tib-core-ensemble-de
      hash: md5
      md5: b7288d0325cd2a55756cda4f762c71a7.dir
      size: 32
      nfiles: 1
  dummy-train-ensemble@tib-core-en:
    cmd:
    - mkdir -p data/projects/gnd-tib-core-ensemble-en
    - date -u > data/projects/gnd-tib-core-ensemble-en/timestamp
    deps:
    - path: data/projects/gnd-tib-core-bonsai-en
      hash: md5
      md5: 1bc22c3cdf245c1eae47bab9aaf469c9.dir
      size: 1322462959
      nfiles: 6
    - path: data/projects/gnd-tib-core-mllm-en
      hash: md5
      md5: e1225ef72c48ea6c35818af632861907.dir
      size: 46429298
      nfiles: 2
    - path: data/vocabs/gnd-tib-core
      hash: md5
      md5: 2c649e0e5842585f10bcb060a14a3ca8.dir
      size: 31870479
      nfiles: 3
    outs:
    - path: data/projects/gnd-tib-core-ensemble-en
      hash: md5
      md5: ff18cded0a390f32e10507bdbaf6329b.dir
      size: 32
      nfiles: 1
  eval@tib-core-ensemble-de:
    cmd:
    - annif eval gnd-tib-core-ensemble-de -j 32 -m F1@5 -m NDCG --metrics-file reports/tib-core-ensemble-de.json
      shared-task-datasets/TIBKAT/tib-core-subjects/data/dev/de.tsv.gz
    deps:
    - path: data/projects/gnd-tib-core-ensemble-de
      hash: md5
      md5: b7288d0325cd2a55756cda4f762c71a7.dir
      size: 32
      nfiles: 1
    - path: shared-task-datasets/TIBKAT/tib-core-subjects/data/dev/de.tsv.gz
      hash: md5
      md5: 13bb3e235bf06cc40152b2d74a6cab52
      size: 3494814
    params:
      projects.toml:
        gnd-tib-core-ensemble-de:
          name: GND-tib-core ensemble German
          language: de
          backend: ensemble
          sources: gnd-tib-core-mllm-de,gnd-tib-core-bonsai-de
          vocab: gnd-tib-core
    outs:
    - path: reports/tib-core-ensemble-de.json
      hash: md5
      md5: a0a9b9d02a0961ef9f13aa17fe2a1361
      size: 93
  eval@tib-core-ensemble-en:
    cmd:
    - annif eval gnd-tib-core-ensemble-en -j 32 -m F1@5 -m NDCG --metrics-file reports/tib-core-ensemble-en.json
      shared-task-datasets/TIBKAT/tib-core-subjects/data/dev/en.tsv.gz
    deps:
    - path: data/projects/gnd-tib-core-ensemble-en
      hash: md5
      md5: ff18cded0a390f32e10507bdbaf6329b.dir
      size: 32
      nfiles: 1
    - path: shared-task-datasets/TIBKAT/tib-core-subjects/data/dev/en.tsv.gz
      hash: md5
      md5: 708c23f77d00657e1607b0af74f204aa
      size: 3175639
    params:
      projects.toml:
        gnd-tib-core-ensemble-en:
          name: GND-tib-core ensemble English
          language: en
          backend: ensemble
          sources: gnd-tib-core-mllm-en,gnd-tib-core-bonsai-en
          vocab: gnd-tib-core
    outs:
    - path: reports/tib-core-ensemble-en.json
      hash: md5
      md5: 026cbc91650124e6c0ecbf8905b51e05
      size: 92
  eval@all-ensemble-en:
    cmd:
    - annif eval gnd-all-ensemble-en -j 32 -m F1@5 -m NDCG --metrics-file reports/all-ensemble-en.json
      shared-task-datasets/TIBKAT/all-subjects/data/dev/en.tsv.gz
    deps:
    - path: data/projects/gnd-all-ensemble-en
      hash: md5
      md5: c9bf9a2d02e989ff581c12f0dc4cb0b4.dir
      size: 32
      nfiles: 1
    - path: shared-task-datasets/TIBKAT/all-subjects/data/dev/en.tsv.gz
      hash: md5
      md5: cef663a3e160cba1eb960b5bbdf814bb
      size: 6045278
    params:
      projects.toml:
        gnd-all-ensemble-en:
          name: GND-all ensemble English
          language: en
          backend: ensemble
          sources: gnd-all-mllm-en,gnd-all-bonsai-en
          vocab: gnd-all
    outs:
    - path: reports/all-ensemble-en.json
      hash: md5
      md5: 930d4544893813b9d13b3aacd3121633
      size: 94
  eval@all-ensemble-de:
    cmd:
    - annif eval gnd-all-ensemble-de -j 32 -m F1@5 -m NDCG --metrics-file reports/all-ensemble-de.json
      shared-task-datasets/TIBKAT/all-subjects/data/dev/de.tsv.gz
    deps:
    - path: data/projects/gnd-all-ensemble-de
      hash: md5
      md5: 33b9025db1736269cac941d5c45c6edb.dir
      size: 32
      nfiles: 1
    - path: shared-task-datasets/TIBKAT/all-subjects/data/dev/de.tsv.gz
      hash: md5
      md5: 06f918e93fbd03fcb62e2e160eca06ba
      size: 6626372
    params:
      projects.toml:
        gnd-all-ensemble-de:
          name: GND-all ensemble German
          language: de
          backend: ensemble
          sources: gnd-all-mllm-de,gnd-all-bonsai-de
          vocab: gnd-all
    outs:
    - path: reports/all-ensemble-de.json
      hash: md5
      md5: c8300cc5156d434ad5e93a7c12263dca
      size: 95
  train-bonsai@tib-core-en:
    cmd: annif train -j 32 gnd-tib-core-bonsai-en shared-task-datasets/TIBKAT/tib-core-subjects/data/train/synth-en-*.tsv.gz
      shared-task-datasets/TIBKAT/tib-core-subjects/data/train/en.tsv.gz
    deps:
    - path: data/vocabs/gnd-tib-core
      hash: md5
      md5: 2c649e0e5842585f10bcb060a14a3ca8.dir
      size: 31870479
      nfiles: 3
    - path: shared-task-datasets/TIBKAT/tib-core-subjects/data/train/en.tsv.gz
      hash: md5
      md5: 6a8d0d989b1d9e2e5176becb6ed2f56e
      size: 19213009
    - path: shared-task-datasets/TIBKAT/tib-core-subjects/data/train/synth-en-1.tsv.gz
      hash: md5
      md5: a65e6d519ed4090ead46f6b0082a0917
      size: 9385539
    - path: shared-task-datasets/TIBKAT/tib-core-subjects/data/train/synth-en-2.tsv.gz
      hash: md5
      md5: d999ea54017f129190de579f175d971b
      size: 9534554
    - path: shared-task-datasets/TIBKAT/tib-core-subjects/data/train/synth-en-3.tsv.gz
      hash: md5
      md5: 656c168f360de9316228b579b03c2156
      size: 9525495
    params:
      projects.toml:
        gnd-tib-core-bonsai-en:
          name: GND-tib-core Omikuji Bonsai English
          language: en
          backend: omikuji
          analyzer: snowball(english)
          vocab: gnd-tib-core
          cluster_balanced: 'False'
          cluster_k: '100'
          max_depth: '3'
          min_df: '2'
          ngram: '2'
    outs:
    - path: data/projects/gnd-tib-core-bonsai-en
      hash: md5
      md5: 1bc22c3cdf245c1eae47bab9aaf469c9.dir
      size: 1322462959
      nfiles: 6
  train-bonsai@tib-core-de:
    cmd: annif train -j 32 gnd-tib-core-bonsai-de shared-task-datasets/TIBKAT/tib-core-subjects/data/train/synth-de-*.tsv.gz
      shared-task-datasets/TIBKAT/tib-core-subjects/data/train/de.tsv.gz
    deps:
    - path: data/vocabs/gnd-tib-core
      hash: md5
      md5: 2c649e0e5842585f10bcb060a14a3ca8.dir
      size: 31870479
      nfiles: 3
    - path: shared-task-datasets/TIBKAT/tib-core-subjects/data/train/de.tsv.gz
      hash: md5
      md5: 3f4d8a7c3f15e98bf433c6eef0f5295c
      size: 21140795
    - path: shared-task-datasets/TIBKAT/tib-core-subjects/data/train/synth-de-1.tsv.gz
      hash: md5
      md5: d61a28517e500dc906062500bc725b87
      size: 9856754
    - path: shared-task-datasets/TIBKAT/tib-core-subjects/data/train/synth-de-2.tsv.gz
      hash: md5
      md5: ce3af9149df6f387cb9a33cc9c6a5e7e
      size: 10114299
    - path: shared-task-datasets/TIBKAT/tib-core-subjects/data/train/synth-de-3.tsv.gz
      hash: md5
      md5: 68f7940fe691af370dc560ddef51e070
      size: 10084433
    params:
      projects.toml:
        gnd-tib-core-bonsai-de:
          name: GND-tib-core Omikuji Bonsai German
          language: de
          backend: omikuji
          analyzer: snowball(german)
          vocab: gnd-tib-core
          cluster_balanced: 'False'
          cluster_k: '100'
          max_depth: '3'
          min_df: '2'
          ngram: '2'
    outs:
    - path: data/projects/gnd-tib-core-bonsai-de
      hash: md5
      md5: 8a96aa4a4a36f54a094a874797c3dad6.dir
      size: 1336627658
      nfiles: 6
  train-mllm@tib-core-de:
    cmd: annif train -j 32 gnd-tib-core-mllm-de shared-task-datasets/TIBKAT/tib-core-subjects/data/train/de.tsv.gz
    deps:
    - path: data/vocabs/gnd-tib-core
      hash: md5
      md5: 2c649e0e5842585f10bcb060a14a3ca8.dir
      size: 31870479
      nfiles: 3
    - path: shared-task-datasets/TIBKAT/tib-core-subjects/data/train/de.tsv.gz
      hash: md5
      md5: 3f4d8a7c3f15e98bf433c6eef0f5295c
      size: 21140795
    params:
      projects.toml:
        gnd-tib-core-mllm-de:
          name: GND-tib-core MLLM German
          language: de
          backend: mllm
          analyzer: snowball(german)
          vocab: gnd-tib-core
    outs:
    - path: data/projects/gnd-tib-core-mllm-de
      hash: md5
      md5: b1432548dee869787c6ab7fcb1dd1b09.dir
      size: 23217400
      nfiles: 2
  train-mllm@tib-core-en:
    cmd: annif train -j 32 gnd-tib-core-mllm-en shared-task-datasets/TIBKAT/tib-core-subjects/data/train/en.tsv.gz
    deps:
    - path: data/vocabs/gnd-tib-core
      hash: md5
      md5: 2c649e0e5842585f10bcb060a14a3ca8.dir
      size: 31870479
      nfiles: 3
    - path: shared-task-datasets/TIBKAT/tib-core-subjects/data/train/en.tsv.gz
      hash: md5
      md5: 6a8d0d989b1d9e2e5176becb6ed2f56e
      size: 19213009
    params:
      projects.toml:
        gnd-tib-core-mllm-en:
          name: GND-tib-core MLLM English
          language: en
          backend: mllm
          analyzer: snowball(english)
          vocab: gnd-tib-core
    outs:
    - path: data/projects/gnd-tib-core-mllm-en
      hash: md5
      md5: e1225ef72c48ea6c35818af632861907.dir
      size: 46429298
      nfiles: 2
  train-bonsai@all-en:
    cmd: annif train -j 32 gnd-all-bonsai-en shared-task-datasets/TIBKAT/all-subjects/data/train/synth-en-*.tsv.gz
      shared-task-datasets/TIBKAT/all-subjects/data/train/en.tsv.gz
    deps:
    - path: data/vocabs/gnd-all
      hash: md5
      md5: 1cbcfe7e8b91f19b3a72a5c0942862e7.dir
      size: 85564111
      nfiles: 3
    - path: shared-task-datasets/TIBKAT/all-subjects/data/train/en.tsv.gz
      hash: md5
      md5: 6444ce7a501bb62bcb9c7dded5722a87
      size: 36341593
    - path: shared-task-datasets/TIBKAT/all-subjects/data/train/synth-en-1.tsv.gz
      hash: md5
      md5: 0220276e5c730e22b457d6842a73ec3b
      size: 19484798
    - path: shared-task-datasets/TIBKAT/all-subjects/data/train/synth-en-2.tsv.gz
      hash: md5
      md5: 76f1555d9dac78017b4c118d0c63ce58
      size: 19813359
    - path: shared-task-datasets/TIBKAT/all-subjects/data/train/synth-en-3.tsv.gz
      hash: md5
      md5: 3b7c64a77e269a7431a357286a30b62c
      size: 19830255
    params:
      projects.toml:
        gnd-all-bonsai-en:
          name: GND-all Omikuji Bonsai English
          language: en
          backend: omikuji
          analyzer: snowball(english)
          vocab: gnd-all
          cluster_balanced: 'False'
          cluster_k: '100'
          max_depth: '3'
          min_df: '5'
          ngram: '2'
    outs:
    - path: data/projects/gnd-all-bonsai-en
      hash: md5
      md5: 7b26023c8598bb5de5ee54f65425f30d.dir
      size: 2744310403
      nfiles: 6
  train-mllm@all-de:
    cmd: annif train -j 32 gnd-all-mllm-de shared-task-datasets/TIBKAT/all-subjects/data/train/de.tsv.gz
    deps:
    - path: data/vocabs/gnd-all
      hash: md5
      md5: 1cbcfe7e8b91f19b3a72a5c0942862e7.dir
      size: 85564111
      nfiles: 3
    - path: shared-task-datasets/TIBKAT/all-subjects/data/train/de.tsv.gz
      hash: md5
      md5: 4e1a80f1e539d8e19073e004b752ead0
      size: 39773295
    params:
      projects.toml:
        gnd-all-mllm-de:
          name: GND-all MLLM German
          language: de
          backend: mllm
          analyzer: snowball(german)
          vocab: gnd-all
    outs:
    - path: data/projects/gnd-all-mllm-de
      hash: md5
      md5: 24bab0c9f1acdc24a740755b5950a344.dir
      size: 102853713
      nfiles: 2
  train-mllm@all-en:
    cmd: annif train -j 32 gnd-all-mllm-en shared-task-datasets/TIBKAT/all-subjects/data/train/en.tsv.gz
    deps:
    - path: data/vocabs/gnd-all
      hash: md5
      md5: 1cbcfe7e8b91f19b3a72a5c0942862e7.dir
      size: 85564111
      nfiles: 3
    - path: shared-task-datasets/TIBKAT/all-subjects/data/train/en.tsv.gz
      hash: md5
      md5: 6444ce7a501bb62bcb9c7dded5722a87
      size: 36341593
    params:
      projects.toml:
        gnd-all-mllm-en:
          name: GND-all MLLM English
          language: en
          backend: mllm
          analyzer: simplemma(en)
          vocab: gnd-all
    outs:
    - path: data/projects/gnd-all-mllm-en
      hash: md5
      md5: 528d3775fcf27fd423ea15badd0f6389.dir
      size: 136519828
      nfiles: 2
  train-bonsai@all-de:
    cmd: annif train -j 32 gnd-all-bonsai-de shared-task-datasets/TIBKAT/all-subjects/data/train/synth-de-*.tsv.gz
      shared-task-datasets/TIBKAT/all-subjects/data/train/de.tsv.gz
    deps:
    - path: data/vocabs/gnd-all
      hash: md5
      md5: 1cbcfe7e8b91f19b3a72a5c0942862e7.dir
      size: 85564111
      nfiles: 3
    - path: shared-task-datasets/TIBKAT/all-subjects/data/train/de.tsv.gz
      hash: md5
      md5: 4e1a80f1e539d8e19073e004b752ead0
      size: 39773295
    - path: shared-task-datasets/TIBKAT/all-subjects/data/train/synth-de-1.tsv.gz
      hash: md5
      md5: e7778f586678685aeba94583e62ff6c0
      size: 20548399
    - path: shared-task-datasets/TIBKAT/all-subjects/data/train/synth-de-2.tsv.gz
      hash: md5
      md5: 2cc737eadcf842ace50fb2b60660cc5f
      size: 21090918
    - path: shared-task-datasets/TIBKAT/all-subjects/data/train/synth-de-3.tsv.gz
      hash: md5
      md5: 8933375d77fec5b4dbd56496e756d226
      size: 21049398
    params:
      projects.toml:
        gnd-all-bonsai-de:
          name: GND-all Omikuji Bonsai German
          language: de
          backend: omikuji
          analyzer: snowball(german)
          vocab: gnd-all
          cluster_balanced: 'False'
          cluster_k: '100'
          max_depth: '3'
          min_df: '2'
          ngram: '2'
    outs:
    - path: data/projects/gnd-all-bonsai-de
      hash: md5
      md5: 72749f34e1b8000304c6f8f4f4d00d4b.dir
      size: 3064085813
      nfiles: 6
